hash: 42a9cd6d25d87a45f54a888c5a856571053028432e4a5efcd8f65fa66adf3ccd
updated: 2017-09-25T20:41:09.123021607+03:00
imports:
- name: github.com/avarabyeu/env
  version: 4946e6742a05770376d9415afcaf28f67fd7b0e4
- name: github.com/cenkalti/backoff
  version: 4dc77674aceaabba2c7e3da25d4c823edfb73f99
- name: github.com/clbanning/x2j
  version: 5ee34bb343f10ecfc125261107681de62f985cf6
- name: github.com/dghubble/sling
  version: eb56e89ac5088bebb12eef3cb4b293300f43608b
- name: github.com/franela/goreq
  version: 9df54ca75ad62b6295f33ca96e16a2ca10bc137a
- name: github.com/go-chi/chi
  version: 04ec7fc4179604b2390947258f9143eaae23b596
  subpackages:
  - middleware
- name: github.com/google/go-querystring
  version: 53e6ce116135b80d037921a7fdd5138cf32d7a8a
  subpackages:
  - query
- name: github.com/gorilla/handlers
  version: a4043c62cc2329bacda331d33fc908ab11ef0ec3
- name: github.com/hashicorp/consul
  version: 112c0603d3d6fb23ab5f15e8fdb1a761da8eaf9a
  subpackages:
  - api
- name: github.com/hashicorp/go-cleanhttp
  version: 3573b8b52aa7b37b9358d966a898feb387f62437
- name: github.com/hashicorp/go-rootcerts
  version: 6bb64b370b90e7ef1fa532be9e591a81c3493e00
- name: github.com/hashicorp/serf
  version: 555c6fa2a11d1f8e08ac9964015e864a3f61e7c3
  subpackages:
  - coordinate
- name: github.com/hudl/fargo
  version: 14ced469f7dc175f6fbf9f55d799f9f12e302965
- name: github.com/miekg/dns
  version: f01e44c2fdbf755201344b5b7917f974a4badd13
- name: github.com/mitchellh/go-homedir
  version: b8bc1bf767474819792c23f32d8286a45736f1c6
- name: github.com/op/go-logging
  version: d2e44aa77b7195c0ef782189985dd8550e22e4de
- name: github.com/reportportal/commons-go
  version: df60b39ca2e760b7cb3eb011d983f5813ab6c57e
  subpackages:
  - commons
  - conf
  - registry
  - server
- name: golang.org/x/net
  version: 66aacef3dd8a676686c7ae3716979581e8b03c47
  subpackages:
  - context
- name: gopkg.in/gcfg.v1
  version: 0ef1a8547f99b94fac9af5377dd72febba18f37c
  subpackages:
  - scanner
  - token
  - types
testImports: []
