hash: b58d97441741826d59c139239372692f0645b619a80bbb84297665a1391df8f9
updated: 2018-10-03T14:59:45.558376+03:00
imports:
- name: github.com/caarlos0/env
  version: 7f73d6597823c7a0c39edd46e1998f90692b2add
- name: github.com/go-chi/chi
  version: b5294d10673813fac8558e7f47242bc9e61b4c25
  subpackages:
  - middleware
- name: github.com/go-playground/locales
  version: 1e5f1161c6416a5ff48840eb8724a394e48cc534
  subpackages:
  - currency
- name: github.com/go-playground/universal-translator
  version: 71201497bace774495daed26a3874fd339e0b538
- name: github.com/konsorten/go-windows-terminal-sequences
  version: b729f2633dfe35f4d1d8a32385f6685610ce1cb5
- name: github.com/pkg/errors
  version: 645ef00459ed84a119197bfb8d8205042c6df63d
- name: github.com/sirupsen/logrus
  version: a67f783a3814b8729bd2dac5780b5f78f8dbd64d
- name: golang.org/x/crypto
  version: c84b36c635ad003a10f0c755dff5685ceef18c71
  subpackages:
  - ssh/terminal
- name: golang.org/x/net
  version: 0a9397675ba34b2845f758fe3cd68828369c6517
  subpackages:
  - context
  - publicsuffix
- name: golang.org/x/sys
  version: 314a259e304ff91bd6985da2a7149bbf91237993
  subpackages:
  - unix
  - windows
- name: gopkg.in/go-playground/validator.v9
  version: e69e9a28bb62b977fdc58d051f1bb477b7cbe486
- name: gopkg.in/reportportal/commons-go.v5
  version: 4d7a70b2febd231a805e035f3149527b0d0e187b
  subpackages:
  - commons
  - conf
  - server
- name: gopkg.in/resty.v1
  version: d4920dcf5b7689548a6db640278a9b35a5b48ec6
testImports: []
